
Microsoft Visual Studio Solution File, Format Version 12.00
# Visual Studio Version 17
VisualStudioVersion = 17.11.35222.181
MinimumVisualStudioVersion = 10.0.40219.1
Project("{FAE04EC0-301F-11D3-BF4B-00C04F79EFBC}") = "AppointPro", "AppointPro\AppointPro.csproj", "{D6B96217-2D15-4E64-90B8-78C36F64348A}"
EndProject
Global
	GlobalSection(SolutionConfigurationPlatforms) = preSolution
		Debug|Any CPU = Debug|Any CPU
		Release|Any CPU = Release|Any CPU
	EndGlobalSection
	GlobalSection(ProjectConfigurationPlatforms) = postSolution
		{D6B96217-2D15-4E64-90B8-78C36F64348A}.Debug|Any CPU.ActiveCfg = Debug|Any CPU
		{D6B96217-2D15-4E64-90B8-78C36F64348A}.Debug|Any CPU.Build.0 = Debug|Any CPU
		{D6B96217-2D15-4E64-90B8-78C36F64348A}.Release|Any CPU.ActiveCfg = Release|Any CPU
		{D6B96217-2D15-4E64-90B8-78C36F64348A}.Release|Any CPU.Build.0 = Release|Any CPU
	EndGlobalSection
	GlobalSection(SolutionProperties) = preSolution
		HideSolutionNode = FALSE
	EndGlobalSection
	GlobalSection(ExtensibilityGlobals) = postSolution
		SolutionGuid = {864E00ED-0A8B-41BB-98D1-7C6F98ADA188}
	EndGlobalSection
EndGlobal
